
Microsoft Visual Studio Solution File, Format Version 12.00
# Visual Studio Version 17
VisualStudioVersion = 17.6.33829.357
MinimumVisualStudioVersion = 10.0.40219.1
Project("{9A19103F-16F7-4668-BE54-9A1E7A4F7556}") = "WebAPI", "WebAPI\WebAPI.csproj", "{09A6CBF3-2561-4FE1-83CC-DEEE937DB080}"
EndProject
Project("{FAE04EC0-301F-11D3-BF4B-00C04F79EFBC}") = "Entities", "Entities\Entities.csproj", "{197497C5-B378-4CE2-B676-9916339727EF}"
EndProject
Project("{FAE04EC0-301F-11D3-BF4B-00C04F79EFBC}") = "Contexto", "Contexto\Contexto.csproj", "{3E9AF986-A484-4BB5-B52B-693E5C67637E}"
EndProject
Project("{FAE04EC0-301F-11D3-BF4B-00C04F79EFBC}") = "DTOs", "DTOs\DTOs.csproj", "{A2D01235-677B-4432-91BD-23A282AE88F3}"
EndProject
Project("{FAE04EC0-301F-11D3-BF4B-00C04F79EFBC}") = "Perfiles", "Perfiles\Perfiles.csproj", "{E3D4753E-E325-420D-960D-1BC9ECB2CEFC}"
EndProject
Project("{FAE04EC0-301F-11D3-BF4B-00C04F79EFBC}") = "Repositorios", "Repositorios\Repositorios.csproj", "{3AE7ECAB-D0E8-4039-82AA-7BBFFA725483}"
EndProject
Global
	GlobalSection(SolutionConfigurationPlatforms) = preSolution
		Debug|Any CPU = Debug|Any CPU
		Release|Any CPU = Release|Any CPU
	EndGlobalSection
	GlobalSection(ProjectConfigurationPlatforms) = postSolution
		{09A6CBF3-2561-4FE1-83CC-DEEE937DB080}.Debug|Any CPU.ActiveCfg = Debug|Any CPU
		{09A6CBF3-2561-4FE1-83CC-DEEE937DB080}.Debug|Any CPU.Build.0 = Debug|Any CPU
		{09A6CBF3-2561-4FE1-83CC-DEEE937DB080}.Release|Any CPU.ActiveCfg = Release|Any CPU
		{09A6CBF3-2561-4FE1-83CC-DEEE937DB080}.Release|Any CPU.Build.0 = Release|Any CPU
		{197497C5-B378-4CE2-B676-9916339727EF}.Debug|Any CPU.ActiveCfg = Debug|Any CPU
		{197497C5-B378-4CE2-B676-9916339727EF}.Debug|Any CPU.Build.0 = Debug|Any CPU
		{197497C5-B378-4CE2-B676-9916339727EF}.Release|Any CPU.ActiveCfg = Release|Any CPU
		{197497C5-B378-4CE2-B676-9916339727EF}.Release|Any CPU.Build.0 = Release|Any CPU
		{3E9AF986-A484-4BB5-B52B-693E5C67637E}.Debug|Any CPU.ActiveCfg = Debug|Any CPU
		{3E9AF986-A484-4BB5-B52B-693E5C67637E}.Debug|Any CPU.Build.0 = Debug|Any CPU
		{3E9AF986-A484-4BB5-B52B-693E5C67637E}.Release|Any CPU.ActiveCfg = Release|Any CPU
		{3E9AF986-A484-4BB5-B52B-693E5C67637E}.Release|Any CPU.Build.0 = Release|Any CPU
		{A2D01235-677B-4432-91BD-23A282AE88F3}.Debug|Any CPU.ActiveCfg = Debug|Any CPU
		{A2D01235-677B-4432-91BD-23A282AE88F3}.Debug|Any CPU.Build.0 = Debug|Any CPU
		{A2D01235-677B-4432-91BD-23A282AE88F3}.Release|Any CPU.ActiveCfg = Release|Any CPU
		{A2D01235-677B-4432-91BD-23A282AE88F3}.Release|Any CPU.Build.0 = Release|Any CPU
		{E3D4753E-E325-420D-960D-1BC9ECB2CEFC}.Debug|Any CPU.ActiveCfg = Debug|Any CPU
		{E3D4753E-E325-420D-960D-1BC9ECB2CEFC}.Debug|Any CPU.Build.0 = Debug|Any CPU
		{E3D4753E-E325-420D-960D-1BC9ECB2CEFC}.Release|Any CPU.ActiveCfg = Release|Any CPU
		{E3D4753E-E325-420D-960D-1BC9ECB2CEFC}.Release|Any CPU.Build.0 = Release|Any CPU
		{3AE7ECAB-D0E8-4039-82AA-7BBFFA725483}.Debug|Any CPU.ActiveCfg = Debug|Any CPU
		{3AE7ECAB-D0E8-4039-82AA-7BBFFA725483}.Debug|Any CPU.Build.0 = Debug|Any CPU
		{3AE7ECAB-D0E8-4039-82AA-7BBFFA725483}.Release|Any CPU.ActiveCfg = Release|Any CPU
		{3AE7ECAB-D0E8-4039-82AA-7BBFFA725483}.Release|Any CPU.Build.0 = Release|Any CPU
	EndGlobalSection
	GlobalSection(SolutionProperties) = preSolution
		HideSolutionNode = FALSE
	EndGlobalSection
	GlobalSection(ExtensibilityGlobals) = postSolution
		SolutionGuid = {0886C0EA-A538-4FE8-A600-BB36A0F6EFD9}
	EndGlobalSection
EndGlobal
